[[package]]
name = "accelerometer"
version = "0.2.0"
dependencies = [
 "generic-array 0.11.1 (registry+https://github.com/rust-lang/crates.io-index)",
 "heapless 0.4.2 (registry+https://github.com/rust-lang/crates.io-index)",
]

[[package]]
name = "byteorder"
version = "1.3.1"
source = "registry+https://github.com/rust-lang/crates.io-index"

[[package]]
name = "generic-array"
version = "0.11.1"
source = "registry+https://github.com/rust-lang/crates.io-index"
dependencies = [
 "typenum 1.10.0 (registry+https://github.com/rust-lang/crates.io-index)",
]

[[package]]
name = "hash32"
version = "0.1.0"
source = "registry+https://github.com/rust-lang/crates.io-index"
dependencies = [
 "byteorder 1.3.1 (registry+https://github.com/rust-lang/crates.io-index)",
]

[[package]]
name = "heapless"
version = "0.4.2"
source = "registry+https://github.com/rust-lang/crates.io-index"
dependencies = [
 "generic-array 0.11.1 (registry+https://github.com/rust-lang/crates.io-index)",
 "hash32 0.1.0 (registry+https://github.com/rust-lang/crates.io-index)",
]

[[package]]
name = "typenum"
version = "1.10.0"
source = "registry+https://github.com/rust-lang/crates.io-index"

[metadata]
"checksum byteorder 1.3.1 (registry+https://github.com/rust-lang/crates.io-index)" = "a019b10a2a7cdeb292db131fc8113e57ea2a908f6e7894b0c3c671893b65dbeb"
"checksum generic-array 0.11.1 (registry+https://github.com/rust-lang/crates.io-index)" = "8107dafa78c80c848b71b60133954b4a58609a3a1a5f9af037ecc7f67280f369"
"checksum hash32 0.1.0 (registry+https://github.com/rust-lang/crates.io-index)" = "12d790435639c06a7b798af9e1e331ae245b7ef915b92f70a39b4cf8c00686af"
"checksum heapless 0.4.2 (registry+https://github.com/rust-lang/crates.io-index)" = "56b960caff1a46f1fb3c1eb05f0575ac21c6248364ebebde11b11116e099881c"
"checksum typenum 1.10.0 (registry+https://github.com/rust-lang/crates.io-index)" = "612d636f949607bdf9b123b4a6f6d966dedf3ff669f7f045890d3a4a73948169"
